// !$*UTF8*$!
{
	archiveVersion = 1;
	classes = {
	};
	objectVersion = 77;
	objects = {

/* Begin PBXBuildFile section */
		7F28D3AC083B87542A3E60D2 /* Pods_neobee_session_playerUITests.framework in Frameworks */ = {isa = PBXBuildFile; fileRef = 79CCBA44879E6FB777F0307F /* Pods_neobee_session_playerUITests.framework */; };
		8EBF969E5F5D9ED11A24FBC6 /* Pods_neobee_session_playerTests.framework in Frameworks */ = {isa = PBXBuildFile; fileRef = FFA9001C8DEA69C4705255A3 /* Pods_neobee_session_playerTests.framework */; };
		C0E533EBE2703F2C123D7FA6 /* Pods_Pods_neobee_session_player_neobee_session_player.framework in Frameworks */ = {isa = PBXBuildFile; fileRef = 9BD3C36D947D73D0F54466C3 /* Pods_Pods_neobee_session_player_neobee_session_player.framework */; };
/* End PBXBuildFile section */

/* Begin PBXContainerItemProxy section */
		6A1539172E71A501005BDA9D /* PBXContainerItemProxy */ = {
			isa = PBXContainerItemProxy;
			containerPortal = 6A1538FB2E71A500005BDA9D /* Project object */;
			proxyType = 1;
			remoteGlobalIDString = 6A1539022E71A500005BDA9D;
			remoteInfo = "neobee-session-player";
		};
		6A1539212E71A501005BDA9D /* PBXContainerItemProxy */ = {
			isa = PBXContainerItemProxy;
			containerPortal = 6A1538FB2E71A500005BDA9D /* Project object */;
			proxyType = 1;
			remoteGlobalIDString = 6A1539022E71A500005BDA9D;
			remoteInfo = "neobee-session-player";
		};
/* End PBXContainerItemProxy section */

/* Begin PBXFileReference section */
		0FAD5DCC6A6BD13696D0CBB5 /* Pods-neobee-session-playerTests.debug.xcconfig */ = {isa = PBXFileReference; includeInIndex = 1; lastKnownFileType = text.xcconfig; name = "Pods-neobee-session-playerTests.debug.xcconfig"; path = "Target Support Files/Pods-neobee-session-playerTests/Pods-neobee-session-playerTests.debug.xcconfig"; sourceTree = "<group>"; };
		2ED6994DA413692B5BE35C36 /* Pods-Pods-neobee-session-player-neobee-session-player.debug.xcconfig */ = {isa = PBXFileReference; includeInIndex = 1; lastKnownFileType = text.xcconfig; name = "Pods-Pods-neobee-session-player-neobee-session-player.debug.xcconfig"; path = "Target Support Files/Pods-Pods-neobee-session-player-neobee-session-player/Pods-Pods-neobee-session-player-neobee-session-player.debug.xcconfig"; sourceTree = "<group>"; };
		40A330A2C975470D06715E07 /* Pods-neobee-session-playerTests.release.xcconfig */ = {isa = PBXFileReference; includeInIndex = 1; lastKnownFileType = text.xcconfig; name = "Pods-neobee-session-playerTests.release.xcconfig"; path = "Target Support Files/Pods-neobee-session-playerTests/Pods-neobee-session-playerTests.release.xcconfig"; sourceTree = "<group>"; };
		5AD5E18CC3FD7E7055E717A8 /* Pods-Pods-neobee-session-player-neobee-session-player.release.xcconfig */ = {isa = PBXFileReference; includeInIndex = 1; lastKnownFileType = text.xcconfig; name = "Pods-Pods-neobee-session-player-neobee-session-player.release.xcconfig"; path = "Target Support Files/Pods-Pods-neobee-session-player-neobee-session-player/Pods-Pods-neobee-session-player-neobee-session-player.release.xcconfig"; sourceTree = "<group>"; };
		6A1539032E71A500005BDA9D /* NeoBee KTV播放器.app */ = {isa = PBXFileReference; explicitFileType = wrapper.application; includeInIndex = 0; path = "NeoBee KTV播放器.app"; sourceTree = BUILT_PRODUCTS_DIR; };
		6A1539162E71A501005BDA9D /* neobee-session-playerTests.xctest */ = {isa = PBXFileReference; explicitFileType = wrapper.cfbundle; includeInIndex = 0; path = "neobee-session-playerTests.xctest"; sourceTree = BUILT_PRODUCTS_DIR; };
		6A1539202E71A501005BDA9D /* neobee-session-playerUITests.xctest */ = {isa = PBXFileReference; explicitFileType = wrapper.cfbundle; includeInIndex = 0; path = "neobee-session-playerUITests.xctest"; sourceTree = BUILT_PRODUCTS_DIR; };
		79CCBA44879E6FB777F0307F /* Pods_neobee_session_playerUITests.framework */ = {isa = PBXFileReference; explicitFileType = wrapper.framework; includeInIndex = 0; path = Pods_neobee_session_playerUITests.framework; sourceTree = BUILT_PRODUCTS_DIR; };
		9A490363AA1318DB3F74258D /* Pods-neobee-session-playerUITests.debug.xcconfig */ = {isa = PBXFileReference; includeInIndex = 1; lastKnownFileType = text.xcconfig; name = "Pods-neobee-session-playerUITests.debug.xcconfig"; path = "Target Support Files/Pods-neobee-session-playerUITests/Pods-neobee-session-playerUITests.debug.xcconfig"; sourceTree = "<group>"; };
		9BD3C36D947D73D0F54466C3 /* Pods_Pods_neobee_session_player_neobee_session_player.framework */ = {isa = PBXFileReference; explicitFileType = wrapper.framework; includeInIndex = 0; path = Pods_Pods_neobee_session_player_neobee_session_player.framework; sourceTree = BUILT_PRODUCTS_DIR; };
		BBBFAFB71E4CC1DB9C0688EA /* Pods-neobee-session-playerUITests.release.xcconfig */ = {isa = PBXFileReference; includeInIndex = 1; lastKnownFileType = text.xcconfig; name = "Pods-neobee-session-playerUITests.release.xcconfig"; path = "Target Support Files/Pods-neobee-session-playerUITests/Pods-neobee-session-playerUITests.release.xcconfig"; sourceTree = "<group>"; };
		FFA9001C8DEA69C4705255A3 /* Pods_neobee_session_playerTests.framework */ = {isa = PBXFileReference; explicitFileType = wrapper.framework; includeInIndex = 0; path = Pods_neobee_session_playerTests.framework; sourceTree = BUILT_PRODUCTS_DIR; };
/* End PBXFileReference section */

/* Begin PBXFileSystemSynchronizedRootGroup section */
		6A1539052E71A500005BDA9D /* neobee-session-player */ = {
			isa = PBXFileSystemSynchronizedRootGroup;
			path = "neobee-session-player";
			sourceTree = "<group>";
		};
		6A1539192E71A501005BDA9D /* neobee-session-playerTests */ = {
			isa = PBXFileSystemSynchronizedRootGroup;
			path = "neobee-session-playerTests";
			sourceTree = "<group>";
		};
		6A1539232E71A501005BDA9D /* neobee-session-playerUITests */ = {
			isa = PBXFileSystemSynchronizedRootGroup;
			path = "neobee-session-playerUITests";
			sourceTree = "<group>";
		};
/* End PBXFileSystemSynchronizedRootGroup section */

/* Begin PBXFrameworksBuildPhase section */
		6A1539002E71A500005BDA9D /* Frameworks */ = {
			isa = PBXFrameworksBuildPhase;
			buildActionMask = 2147483647;
			files = (
				C0E533EBE2703F2C123D7FA6 /* Pods_Pods_neobee_session_player_neobee_session_player.framework in Frameworks */,
			);
			runOnlyForDeploymentPostprocessing = 0;
		};
		6A1539132E71A501005BDA9D /* Frameworks */ = {
			isa = PBXFrameworksBuildPhase;
			buildActionMask = 2147483647;
			files = (
				8EBF969E5F5D9ED11A24FBC6 /* Pods_neobee_session_playerTests.framework in Frameworks */,
			);
			runOnlyForDeploymentPostprocessing = 0;
		};
		6A15391D2E71A501005BDA9D /* Frameworks */ = {
			isa = PBXFrameworksBuildPhase;
			buildActionMask = 2147483647;
			files = (
				7F28D3AC083B87542A3E60D2 /* Pods_neobee_session_playerUITests.framework in Frameworks */,
			);
			runOnlyForDeploymentPostprocessing = 0;
		};
/* End PBXFrameworksBuildPhase section */

/* Begin PBXGroup section */
		6A1538FA2E71A500005BDA9D = {
			isa = PBXGroup;
			children = (
				6A1539052E71A500005BDA9D /* neobee-session-player */,
				6A1539192E71A501005BDA9D /* neobee-session-playerTests */,
				6A1539232E71A501005BDA9D /* neobee-session-playerUITests */,
				6A1539042E71A500005BDA9D /* Products */,
				7E8F078B721F576667BE5758 /* Pods */,
				9E9AF6567FB8B417F4B1F2F7 /* Frameworks */,
			);
			sourceTree = "<group>";
		};
		6A1539042E71A500005BDA9D /* Products */ = {
			isa = PBXGroup;
			children = (
				6A1539032E71A500005BDA9D /* NeoBee KTV播放器.app */,
				6A1539162E71A501005BDA9D /* neobee-session-playerTests.xctest */,
				6A1539202E71A501005BDA9D /* neobee-session-playerUITests.xctest */,
			);
			name = Products;
			sourceTree = "<group>";
		};
		7E8F078B721F576667BE5758 /* Pods */ = {
			isa = PBXGroup;
			children = (
				2ED6994DA413692B5BE35C36 /* Pods-Pods-neobee-session-player-neobee-session-player.debug.xcconfig */,
				5AD5E18CC3FD7E7055E717A8 /* Pods-Pods-neobee-session-player-neobee-session-player.release.xcconfig */,
				0FAD5DCC6A6BD13696D0CBB5 /* Pods-neobee-session-playerTests.debug.xcconfig */,
				40A330A2C975470D06715E07 /* Pods-neobee-session-playerTests.release.xcconfig */,
				9A490363AA1318DB3F74258D /* Pods-neobee-session-playerUITests.debug.xcconfig */,
				BBBFAFB71E4CC1DB9C0688EA /* Pods-neobee-session-playerUITests.release.xcconfig */,
			);
			path = Pods;
			sourceTree = "<group>";
		};
		9E9AF6567FB8B417F4B1F2F7 /* Frameworks */ = {
			isa = PBXGroup;
			children = (
				9BD3C36D947D73D0F54466C3 /* Pods_Pods_neobee_session_player_neobee_session_player.framework */,
				FFA9001C8DEA69C4705255A3 /* Pods_neobee_session_playerTests.framework */,
				79CCBA44879E6FB777F0307F /* Pods_neobee_session_playerUITests.framework */,
			);
			name = Frameworks;
			sourceTree = "<group>";
		};
/* End PBXGroup section */

/* Begin PBXNativeTarget section */
		6A1539022E71A500005BDA9D /* neobee-session-player */ = {
			isa = PBXNativeTarget;
			buildConfigurationList = 6A15392A2E71A501005BDA9D /* Build configuration list for PBXNativeTarget "neobee-session-player" */;
			buildPhases = (
				E1105EAE1E518A2F4146135A /* [CP] Check Pods Manifest.lock */,
				6A1538FF2E71A500005BDA9D /* Sources */,
				6A1539002E71A500005BDA9D /* Frameworks */,
				6A1539012E71A500005BDA9D /* Resources */,
				2015890C6BE50EA12461C4D8 /* [CP] Embed Pods Frameworks */,
			);
			buildRules = (
			);
			dependencies = (
			);
			fileSystemSynchronizedGroups = (
				6A1539052E71A500005BDA9D /* neobee-session-player */,
			);
			name = "neobee-session-player";
			productName = "neobee-session-player";
			productReference = 6A1539032E71A500005BDA9D /* NeoBee KTV播放器.app */;
			productType = "com.apple.product-type.application";
		};
		6A1539152E71A501005BDA9D /* neobee-session-playerTests */ = {
			isa = PBXNativeTarget;
			buildConfigurationList = 6A15392D2E71A501005BDA9D /* Build configuration list for PBXNativeTarget "neobee-session-playerTests" */;
			buildPhases = (
				DACD4E53CB87EEA272240279 /* [CP] Check Pods Manifest.lock */,
				6A1539122E71A501005BDA9D /* Sources */,
				6A1539132E71A501005BDA9D /* Frameworks */,
				6A1539142E71A501005BDA9D /* Resources */,
			);
			buildRules = (
			);
			dependencies = (
				6A1539182E71A501005BDA9D /* PBXTargetDependency */,
			);
			fileSystemSynchronizedGroups = (
				6A1539192E71A501005BDA9D /* neobee-session-playerTests */,
			);
			name = "neobee-session-playerTests";
			productName = "neobee-session-playerTests";
			productReference = 6A1539162E71A501005BDA9D /* neobee-session-playerTests.xctest */;
			productType = "com.apple.product-type.bundle.unit-test";
		};
		6A15391F2E71A501005BDA9D /* neobee-session-playerUITests */ = {
			isa = PBXNativeTarget;
			buildConfigurationList = 6A1539302E71A501005BDA9D /* Build configuration list for PBXNativeTarget "neobee-session-playerUITests" */;
			buildPhases = (
				F880D59B3531F8A304DE8EE2 /* [CP] Check Pods Manifest.lock */,
				6A15391C2E71A501005BDA9D /* Sources */,
				6A15391D2E71A501005BDA9D /* Frameworks */,
				6A15391E2E71A501005BDA9D /* Resources */,
			);
			buildRules = (
			);
			dependencies = (
				6A1539222E71A501005BDA9D /* PBXTargetDependency */,
			);
			fileSystemSynchronizedGroups = (
				6A1539232E71A501005BDA9D /* neobee-session-playerUITests */,
			);
			name = "neobee-session-playerUITests";
			productName = "neobee-session-playerUITests";
			productReference = 6A1539202E71A501005BDA9D /* neobee-session-playerUITests.xctest */;
			productType = "com.apple.product-type.bundle.ui-testing";
		};
/* End PBXNativeTarget section */

/* Begin PBXProject section */
		6A1538FB2E71A500005BDA9D /* Project object */ = {
			isa = PBXProject;
			attributes = {
				BuildIndependentTargetsInParallel = 1;
				LastSwiftUpdateCheck = 1640;
				LastUpgradeCheck = 2600;
				TargetAttributes = {
					6A1539022E71A500005BDA9D = {
						CreatedOnToolsVersion = 16.4;
					};
					6A1539152E71A501005BDA9D = {
						CreatedOnToolsVersion = 16.4;
						TestTargetID = 6A1539022E71A500005BDA9D;
					};
					6A15391F2E71A501005BDA9D = {
						CreatedOnToolsVersion = 16.4;
						TestTargetID = 6A1539022E71A500005BDA9D;
					};
				};
			};
			buildConfigurationList = 6A1538FE2E71A500005BDA9D /* Build configuration list for PBXProject "neobee-session-player" */;
			developmentRegion = en;
			hasScannedForEncodings = 0;
			knownRegions = (
				en,
				Base,
			);
			mainGroup = 6A1538FA2E71A500005BDA9D;
			minimizedProjectReferenceProxies = 1;
			preferredProjectObjectVersion = 77;
			productRefGroup = 6A1539042E71A500005BDA9D /* Products */;
			projectDirPath = "";
			projectRoot = "";
			targets = (
				6A1539022E71A500005BDA9D /* neobee-session-player */,
				6A1539152E71A501005BDA9D /* neobee-session-playerTests */,
				6A15391F2E71A501005BDA9D /* neobee-session-playerUITests */,
			);
		};
/* End PBXProject section */

/* Begin PBXResourcesBuildPhase section */
		6A1539012E71A500005BDA9D /* Resources */ = {
			isa = PBXResourcesBuildPhase;
			buildActionMask = 2147483647;
			files = (
			);
			runOnlyForDeploymentPostprocessing = 0;
		};
		6A1539142E71A501005BDA9D /* Resources */ = {
			isa = PBXResourcesBuildPhase;
			buildActionMask = 2147483647;
			files = (
			);
			runOnlyForDeploymentPostprocessing = 0;
		};
		6A15391E2E71A501005BDA9D /* Resources */ = {
			isa = PBXResourcesBuildPhase;
			buildActionMask = 2147483647;
			files = (
			);
			runOnlyForDeploymentPostprocessing = 0;
		};
/* End PBXResourcesBuildPhase section */

/* Begin PBXShellScriptBuildPhase section */
		2015890C6BE50EA12461C4D8 /* [CP] Embed Pods Frameworks */ = {
			isa = PBXShellScriptBuildPhase;
			buildActionMask = 2147483647;
			files = (
			);
			inputFileListPaths = (
				"${PODS_ROOT}/Target Support Files/Pods-Pods-neobee-session-player-neobee-session-player/Pods-Pods-neobee-session-player-neobee-session-player-frameworks-${CONFIGURATION}-input-files.xcfilelist",
			);
			inputPaths = (
			);
			name = "[CP] Embed Pods Frameworks";
			outputFileListPaths = (
				"${PODS_ROOT}/Target Support Files/Pods-Pods-neobee-session-player-neobee-session-player/Pods-Pods-neobee-session-player-neobee-session-player-frameworks-${CONFIGURATION}-output-files.xcfilelist",
			);
			outputPaths = (
			);
			runOnlyForDeploymentPostprocessing = 0;
			shellPath = /bin/sh;
			shellScript = "\"${PODS_ROOT}/Target Support Files/Pods-Pods-neobee-session-player-neobee-session-player/Pods-Pods-neobee-session-player-neobee-session-player-frameworks.sh\"\n";
			showEnvVarsInLog = 0;
		};
		DACD4E53CB87EEA272240279 /* [CP] Check Pods Manifest.lock */ = {
			isa = PBXShellScriptBuildPhase;
			buildActionMask = 2147483647;
			files = (
			);
			inputFileListPaths = (
			);
			inputPaths = (
				"${PODS_PODFILE_DIR_PATH}/Podfile.lock",
				"${PODS_ROOT}/Manifest.lock",
			);
			name = "[CP] Check Pods Manifest.lock";
			outputFileListPaths = (
			);
			outputPaths = (
				"$(DERIVED_FILE_DIR)/Pods-neobee-session-playerTests-checkManifestLockResult.txt",
			);
			runOnlyForDeploymentPostprocessing = 0;
			shellPath = /bin/sh;
			shellScript = "diff \"${PODS_PODFILE_DIR_PATH}/Podfile.lock\" \"${PODS_ROOT}/Manifest.lock\" > /dev/null\nif [ $? != 0 ] ; then\n    # print error to STDERR\n    echo \"error: The sandbox is not in sync with the Podfile.lock. Run 'pod install' or update your CocoaPods installation.\" >&2\n    exit 1\nfi\n# This output is used by Xcode 'outputs' to avoid re-running this script phase.\necho \"SUCCESS\" > \"${SCRIPT_OUTPUT_FILE_0}\"\n";
			showEnvVarsInLog = 0;
		};
		E1105EAE1E518A2F4146135A /* [CP] Check Pods Manifest.lock */ = {
			isa = PBXShellScriptBuildPhase;
			buildActionMask = 2147483647;
			files = (
			);
			inputFileListPaths = (
			);
			inputPaths = (
				"${PODS_PODFILE_DIR_PATH}/Podfile.lock",
				"${PODS_ROOT}/Manifest.lock",
			);
			name = "[CP] Check Pods Manifest.lock";
			outputFileListPaths = (
			);
			outputPaths = (
				"$(DERIVED_FILE_DIR)/Pods-Pods-neobee-session-player-neobee-session-player-checkManifestLockResult.txt",
			);
			runOnlyForDeploymentPostprocessing = 0;
			shellPath = /bin/sh;
			shellScript = "diff \"${PODS_PODFILE_DIR_PATH}/Podfile.lock\" \"${PODS_ROOT}/Manifest.lock\" > /dev/null\nif [ $? != 0 ] ; then\n    # print error to STDERR\n    echo \"error: The sandbox is not in sync with the Podfile.lock. Run 'pod install' or update your CocoaPods installation.\" >&2\n    exit 1\nfi\n# This output is used by Xcode 'outputs' to avoid re-running this script phase.\necho \"SUCCESS\" > \"${SCRIPT_OUTPUT_FILE_0}\"\n";
			showEnvVarsInLog = 0;
		};
		F880D59B3531F8A304DE8EE2 /* [CP] Check Pods Manifest.lock */ = {
			isa = PBXShellScriptBuildPhase;
			buildActionMask = 2147483647;
			files = (
			);
			inputFileListPaths = (
			);
			inputPaths = (
				"${PODS_PODFILE_DIR_PATH}/Podfile.lock",
				"${PODS_ROOT}/Manifest.lock",
			);
			name = "[CP] Check Pods Manifest.lock";
			outputFileListPaths = (
			);
			outputPaths = (
				"$(DERIVED_FILE_DIR)/Pods-neobee-session-playerUITests-checkManifestLockResult.txt",
			);
			runOnlyForDeploymentPostprocessing = 0;
			shellPath = /bin/sh;
			shellScript = "diff \"${PODS_PODFILE_DIR_PATH}/Podfile.lock\" \"${PODS_ROOT}/Manifest.lock\" > /dev/null\nif [ $? != 0 ] ; then\n    # print error to STDERR\n    echo \"error: The sandbox is not in sync with the Podfile.lock. Run 'pod install' or update your CocoaPods installation.\" >&2\n    exit 1\nfi\n# This output is used by Xcode 'outputs' to avoid re-running this script phase.\necho \"SUCCESS\" > \"${SCRIPT_OUTPUT_FILE_0}\"\n";
			showEnvVarsInLog = 0;
		};
/* End PBXShellScriptBuildPhase section */

/* Begin PBXSourcesBuildPhase section */
		6A1538FF2E71A500005BDA9D /* Sources */ = {
			isa = PBXSourcesBuildPhase;
			buildActionMask = 2147483647;
			files = (
			);
			runOnlyForDeploymentPostprocessing = 0;
		};
		6A1539122E71A501005BDA9D /* Sources */ = {
			isa = PBXSourcesBuildPhase;
			buildActionMask = 2147483647;
			files = (
			);
			runOnlyForDeploymentPostprocessing = 0;
		};
		6A15391C2E71A501005BDA9D /* Sources */ = {
			isa = PBXSourcesBuildPhase;
			buildActionMask = 2147483647;
			files = (
			);
			runOnlyForDeploymentPostprocessing = 0;
		};
/* End PBXSourcesBuildPhase section */

/* Begin PBXTargetDependency section */
		6A1539182E71A501005BDA9D /* PBXTargetDependency */ = {
			isa = PBXTargetDependency;
			target = 6A1539022E71A500005BDA9D /* neobee-session-player */;
			targetProxy = 6A1539172E71A501005BDA9D /* PBXContainerItemProxy */;
		};
		6A1539222E71A501005BDA9D /* PBXTargetDependency */ = {
			isa = PBXTargetDependency;
			target = 6A1539022E71A500005BDA9D /* neobee-session-player */;
			targetProxy = 6A1539212E71A501005BDA9D /* PBXContainerItemProxy */;
		};
/* End PBXTargetDependency section */

/* Begin XCBuildConfiguration section */
		6A1539282E71A501005BDA9D /* Debug */ = {
			isa = XCBuildConfiguration;
			buildSettings = {
				ALWAYS_SEARCH_USER_PATHS = NO;
				ASSETCATALOG_COMPILER_GENERATE_SWIFT_ASSET_SYMBOL_EXTENSIONS = YES;
				CLANG_ANALYZER_NONNULL = YES;
				CLANG_ANALYZER_NUMBER_OBJECT_CONVERSION = YES_AGGRESSIVE;
				CLANG_CXX_LANGUAGE_STANDARD = "gnu++20";
				CLANG_ENABLE_MODULES = YES;
				CLANG_ENABLE_OBJC_ARC = YES;
				CLANG_ENABLE_OBJC_WEAK = YES;
				CLANG_WARN_BLOCK_CAPTURE_AUTORELEASING = YES;
				CLANG_WARN_BOOL_CONVERSION = YES;
				CLANG_WARN_COMMA = YES;
				CLANG_WARN_CONSTANT_CONVERSION = YES;
				CLANG_WARN_DEPRECATED_OBJC_IMPLEMENTATIONS = YES;
				CLANG_WARN_DIRECT_OBJC_ISA_USAGE = YES_ERROR;
				CLANG_WARN_DOCUMENTATION_COMMENTS = YES;
				CLANG_WARN_EMPTY_BODY = YES;
				CLANG_WARN_ENUM_CONVERSION = YES;
				CLANG_WARN_INFINITE_RECURSION = YES;
				CLANG_WARN_INT_CONVERSION = YES;
				CLANG_WARN_NON_LITERAL_NULL_CONVERSION = YES;
				CLANG_WARN_OBJC_IMPLICIT_RETAIN_SELF = YES;
				CLANG_WARN_OBJC_LITERAL_CONVERSION = YES;
				CLANG_WARN_OBJC_ROOT_CLASS = YES_ERROR;
				CLANG_WARN_QUOTED_INCLUDE_IN_FRAMEWORK_HEADER = YES;
				CLANG_WARN_RANGE_LOOP_ANALYSIS = YES;
				CLANG_WARN_STRICT_PROTOTYPES = YES;
				CLANG_WARN_SUSPICIOUS_MOVE = YES;
				CLANG_WARN_UNGUARDED_AVAILABILITY = YES_AGGRESSIVE;
				CLANG_WARN_UNREACHABLE_CODE = YES;
				CLANG_WARN__DUPLICATE_METHOD_MATCH = YES;
				COPY_PHASE_STRIP = NO;
				DEAD_CODE_STRIPPING = YES;
				DEBUG_INFORMATION_FORMAT = dwarf;
				ENABLE_STRICT_OBJC_MSGSEND = YES;
				ENABLE_TESTABILITY = YES;
				ENABLE_USER_SCRIPT_SANDBOXING = YES;
				GCC_C_LANGUAGE_STANDARD = gnu17;
				GCC_DYNAMIC_NO_PIC = NO;
				GCC_NO_COMMON_BLOCKS = YES;
				GCC_OPTIMIZATION_LEVEL = 0;
				GCC_PREPROCESSOR_DEFINITIONS = (
					"DEBUG=1",
					"$(inherited)",
				);
				GCC_WARN_64_TO_32_BIT_CONVERSION = YES;
				GCC_WARN_ABOUT_RETURN_TYPE = YES_ERROR;
				GCC_WARN_UNDECLARED_SELECTOR = YES;
				GCC_WARN_UNINITIALIZED_AUTOS = YES_AGGRESSIVE;
				GCC_WARN_UNUSED_FUNCTION = YES;
				GCC_WARN_UNUSED_VARIABLE = YES;
				LOCALIZATION_PREFERS_STRING_CATALOGS = YES;
				MACOSX_DEPLOYMENT_TARGET = 15.5;
				MTL_ENABLE_DEBUG_INFO = INCLUDE_SOURCE;
				MTL_FAST_MATH = YES;
				ONLY_ACTIVE_ARCH = YES;
				SDKROOT = macosx;
				STRING_CATALOG_GENERATE_SYMBOLS = YES;
				SWIFT_ACTIVE_COMPILATION_CONDITIONS = "DEBUG $(inherited)";
				SWIFT_OPTIMIZATION_LEVEL = "-Onone";
			};
			name = Debug;
		};
		6A1539292E71A501005BDA9D /* Release */ = {
			isa = XCBuildConfiguration;
			buildSettings = {
				ALWAYS_SEARCH_USER_PATHS = NO;
				ASSETCATALOG_COMPILER_GENERATE_SWIFT_ASSET_SYMBOL_EXTENSIONS = YES;
				CLANG_ANALYZER_NONNULL = YES;
				CLANG_ANALYZER_NUMBER_OBJECT_CONVERSION = YES_AGGRESSIVE;
				CLANG_CXX_LANGUAGE_STANDARD = "gnu++20";
				CLANG_ENABLE_MODULES = YES;
				CLANG_ENABLE_OBJC_ARC = YES;
				CLANG_ENABLE_OBJC_WEAK = YES;
				CLANG_WARN_BLOCK_CAPTURE_AUTORELEASING = YES;
				CLANG_WARN_BOOL_CONVERSION = YES;
				CLANG_WARN_COMMA = YES;
				CLANG_WARN_CONSTANT_CONVERSION = YES;
				CLANG_WARN_DEPRECATED_OBJC_IMPLEMENTATIONS = YES;
				CLANG_WARN_DIRECT_OBJC_ISA_USAGE = YES_ERROR;
				CLANG_WARN_DOCUMENTATION_COMMENTS = YES;
				CLANG_WARN_EMPTY_BODY = YES;
				CLANG_WARN_ENUM_CONVERSION = YES;
				CLANG_WARN_INFINITE_RECURSION = YES;
				CLANG_WARN_INT_CONVERSION = YES;
				CLANG_WARN_NON_LITERAL_NULL_CONVERSION = YES;
				CLANG_WARN_OBJC_IMPLICIT_RETAIN_SELF = YES;
				CLANG_WARN_OBJC_LITERAL_CONVERSION = YES;
				CLANG_WARN_OBJC_ROOT_CLASS = YES_ERROR;
				CLANG_WARN_QUOTED_INCLUDE_IN_FRAMEWORK_HEADER = YES;
				CLANG_WARN_RANGE_LOOP_ANALYSIS = YES;
				CLANG_WARN_STRICT_PROTOTYPES = YES;
				CLANG_WARN_SUSPICIOUS_MOVE = YES;
				CLANG_WARN_UNGUARDED_AVAILABILITY = YES_AGGRESSIVE;
				CLANG_WARN_UNREACHABLE_CODE = YES;
				CLANG_WARN__DUPLICATE_METHOD_MATCH = YES;
				COPY_PHASE_STRIP = NO;
				DEAD_CODE_STRIPPING = YES;
				DEBUG_INFORMATION_FORMAT = "dwarf-with-dsym";
				ENABLE_NS_ASSERTIONS = NO;
				ENABLE_STRICT_OBJC_MSGSEND = YES;
				ENABLE_USER_SCRIPT_SANDBOXING = YES;
				GCC_C_LANGUAGE_STANDARD = gnu17;
				GCC_NO_COMMON_BLOCKS = YES;
				GCC_WARN_64_TO_32_BIT_CONVERSION = YES;
				GCC_WARN_ABOUT_RETURN_TYPE = YES_ERROR;
				GCC_WARN_UNDECLARED_SELECTOR = YES;
				GCC_WARN_UNINITIALIZED_AUTOS = YES_AGGRESSIVE;
				GCC_WARN_UNUSED_FUNCTION = YES;
				GCC_WARN_UNUSED_VARIABLE = YES;
				LOCALIZATION_PREFERS_STRING_CATALOGS = YES;
				MACOSX_DEPLOYMENT_TARGET = 15.5;
				MTL_ENABLE_DEBUG_INFO = NO;
				MTL_FAST_MATH = YES;
				SDKROOT = macosx;
				STRING_CATALOG_GENERATE_SYMBOLS = YES;
				SWIFT_COMPILATION_MODE = wholemodule;
			};
			name = Release;
		};
		6A15392B2E71A501005BDA9D /* Debug */ = {
			isa = XCBuildConfiguration;
			baseConfigurationReference = 2ED6994DA413692B5BE35C36 /* Pods-Pods-neobee-session-player-neobee-session-player.debug.xcconfig */;
			buildSettings = {
				ASSETCATALOG_COMPILER_APPICON_NAME = AppIcon;
				ASSETCATALOG_COMPILER_GLOBAL_ACCENT_COLOR_NAME = AccentColor;
				CODE_SIGN_ENTITLEMENTS = "neobee-session-player/neobee_session_player.entitlements";
				CODE_SIGN_STYLE = Automatic;
				COMBINE_HIDPI_IMAGES = YES;
				CURRENT_PROJECT_VERSION = 1;
				DEAD_CODE_STRIPPING = YES;
				ENABLE_APP_SANDBOX = YES;
				ENABLE_PREVIEWS = YES;
				ENABLE_USER_SCRIPT_SANDBOXING = NO;
				ENABLE_USER_SELECTED_FILES = readonly;
				GENERATE_INFOPLIST_FILE = YES;
				INFOPLIST_KEY_CFBundleDisplayName = "NeoBee KTV Player";
				INFOPLIST_KEY_CFBundleShortVersionString = 1.0;
				INFOPLIST_KEY_CFBundleVersion = 1;
				INFOPLIST_KEY_LSUIElement = NO;
				INFOPLIST_KEY_NSCameraUsageDescription = "This app may need camera access for KTV recording features.";
				INFOPLIST_KEY_NSHumanReadableCopyright = "© 2024 NeoBee Project. All rights reserved.";
				INFOPLIST_KEY_NSMicrophoneUsageDescription = "This app needs microphone access for KTV recording features.";
				LD_RUNPATH_SEARCH_PATHS = (
					"$(inherited)",
					"@executable_path/../Frameworks",
				);
				MARKETING_VERSION = 1.0;
				PRODUCT_BUNDLE_IDENTIFIER = "club.theneobee.ktv-session-player";
				PRODUCT_NAME = "NeoBee KTV播放器";
				REGISTER_APP_GROUPS = YES;
				SWIFT_EMIT_LOC_STRINGS = YES;
				SWIFT_VERSION = 5.0;
			};
			name = Debug;
		};
		6A15392C2E71A501005BDA9D /* Release */ = {
			isa = XCBuildConfiguration;
			baseConfigurationReference = 5AD5E18CC3FD7E7055E717A8 /* Pods-Pods-neobee-session-player-neobee-session-player.release.xcconfig */;
			buildSettings = {
				ASSETCATALOG_COMPILER_APPICON_NAME = AppIcon;
				ASSETCATALOG_COMPILER_GLOBAL_ACCENT_COLOR_NAME = AccentColor;
				CODE_SIGN_ENTITLEMENTS = "neobee-session-player/neobee_session_player.entitlements";
				CODE_SIGN_STYLE = Automatic;
				COMBINE_HIDPI_IMAGES = YES;
				CURRENT_PROJECT_VERSION = 1;
				DEAD_CODE_STRIPPING = YES;
				ENABLE_APP_SANDBOX = YES;
				ENABLE_PREVIEWS = YES;
				ENABLE_USER_SCRIPT_SANDBOXING = NO;
				ENABLE_USER_SELECTED_FILES = readonly;
				GENERATE_INFOPLIST_FILE = YES;
				INFOPLIST_KEY_CFBundleDisplayName = "NeoBee KTV Player";
				INFOPLIST_KEY_CFBundleShortVersionString = 1.0;
				INFOPLIST_KEY_CFBundleVersion = 1;
				INFOPLIST_KEY_LSUIElement = NO;
				INFOPLIST_KEY_NSCameraUsageDescription = "This app may need camera access for KTV recording features.";
				INFOPLIST_KEY_NSHumanReadableCopyright = "© 2024 NeoBee Project. All rights reserved.";
				INFOPLIST_KEY_NSMicrophoneUsageDescription = "This app needs microphone access for KTV recording features.";
				LD_RUNPATH_SEARCH_PATHS = (
					"$(inherited)",
					"@executable_path/../Frameworks",
				);
				MARKETING_VERSION = 1.0;
				PRODUCT_BUNDLE_IDENTIFIER = "club.theneobee.ktv-session-player";
				PRODUCT_NAME = "NeoBee KTV播放器";
				REGISTER_APP_GROUPS = YES;
				SWIFT_EMIT_LOC_STRINGS = YES;
				SWIFT_VERSION = 5.0;
			};
			name = Release;
		};
		6A15392E2E71A501005BDA9D /* Debug */ = {
			isa = XCBuildConfiguration;
			baseConfigurationReference = 0FAD5DCC6A6BD13696D0CBB5 /* Pods-neobee-session-playerTests.debug.xcconfig */;
			buildSettings = {
				BUNDLE_LOADER = "$(TEST_HOST)";
				CODE_SIGN_STYLE = Automatic;
				CURRENT_PROJECT_VERSION = 1;
				DEAD_CODE_STRIPPING = YES;
				GENERATE_INFOPLIST_FILE = YES;
				MACOSX_DEPLOYMENT_TARGET = 15.5;
				MARKETING_VERSION = 1.0;
				PRODUCT_BUNDLE_IDENTIFIER = "haoranzhang.neobee-session-playerTests";
				PRODUCT_NAME = "$(TARGET_NAME)";
				SWIFT_EMIT_LOC_STRINGS = NO;
				SWIFT_VERSION = 5.0;
				TEST_HOST = "$(BUILT_PRODUCTS_DIR)/NeoBee KTV播放器.app/Contents/MacOS/NeoBee KTV播放器";
			};
			name = Debug;
		};
		6A15392F2E71A501005BDA9D /* Release */ = {
			isa = XCBuildConfiguration;
			baseConfigurationReference = 40A330A2C975470D06715E07 /* Pods-neobee-session-playerTests.release.xcconfig */;
			buildSettings = {
				BUNDLE_LOADER = "$(TEST_HOST)";
				CODE_SIGN_STYLE = Automatic;
				CURRENT_PROJECT_VERSION = 1;
				DEAD_CODE_STRIPPING = YES;
				GENERATE_INFOPLIST_FILE = YES;
				MACOSX_DEPLOYMENT_TARGET = 15.5;
				MARKETING_VERSION = 1.0;
				PRODUCT_BUNDLE_IDENTIFIER = "haoranzhang.neobee-session-playerTests";
				PRODUCT_NAME = "$(TARGET_NAME)";
				SWIFT_EMIT_LOC_STRINGS = NO;
				SWIFT_VERSION = 5.0;
				TEST_HOST = "$(BUILT_PRODUCTS_DIR)/NeoBee KTV播放器.app/Contents/MacOS/NeoBee KTV播放器";
			};
			name = Release;
		};
		6A1539312E71A501005BDA9D /* Debug */ = {
			isa = XCBuildConfiguration;
			baseConfigurationReference = 9A490363AA1318DB3F74258D /* Pods-neobee-session-playerUITests.debug.xcconfig */;
			buildSettings = {
				CODE_SIGN_STYLE = Automatic;
				CURRENT_PROJECT_VERSION = 1;
				DEAD_CODE_STRIPPING = YES;
				GENERATE_INFOPLIST_FILE = YES;
				MARKETING_VERSION = 1.0;
				PRODUCT_BUNDLE_IDENTIFIER = "haoranzhang.neobee-session-playerUITests";
				PRODUCT_NAME = "$(TARGET_NAME)";
				SWIFT_EMIT_LOC_STRINGS = NO;
				SWIFT_VERSION = 5.0;
				TEST_TARGET_NAME = "neobee-session-player";
			};
			name = Debug;
		};
		6A1539322E71A501005BDA9D /* Release */ = {
			isa = XCBuildConfiguration;
			baseConfigurationReference = BBBFAFB71E4CC1DB9C0688EA /* Pods-neobee-session-playerUITests.release.xcconfig */;
			buildSettings = {
				CODE_SIGN_STYLE = Automatic;
				CURRENT_PROJECT_VERSION = 1;
				DEAD_CODE_STRIPPING = YES;
				GENERATE_INFOPLIST_FILE = YES;
				MARKETING_VERSION = 1.0;
				PRODUCT_BUNDLE_IDENTIFIER = "haoranzhang.neobee-session-playerUITests";
				PRODUCT_NAME = "$(TARGET_NAME)";
				SWIFT_EMIT_LOC_STRINGS = NO;
				SWIFT_VERSION = 5.0;
				TEST_TARGET_NAME = "neobee-session-player";
			};
			name = Release;
		};
/* End XCBuildConfiguration section */

/* Begin XCConfigurationList section */
		6A1538FE2E71A500005BDA9D /* Build configuration list for PBXProject "neobee-session-player" */ = {
			isa = XCConfigurationList;
			buildConfigurations = (
				6A1539282E71A501005BDA9D /* Debug */,
				6A1539292E71A501005BDA9D /* Release */,
			);
			defaultConfigurationIsVisible = 0;
			defaultConfigurationName = Release;
		};
		6A15392A2E71A501005BDA9D /* Build configuration list for PBXNativeTarget "neobee-session-player" */ = {
			isa = XCConfigurationList;
			buildConfigurations = (
				6A15392B2E71A501005BDA9D /* Debug */,
				6A15392C2E71A501005BDA9D /* Release */,
			);
			defaultConfigurationIsVisible = 0;
			defaultConfigurationName = Release;
		};
		6A15392D2E71A501005BDA9D /* Build configuration list for PBXNativeTarget "neobee-session-playerTests" */ = {
			isa = XCConfigurationList;
			buildConfigurations = (
				6A15392E2E71A501005BDA9D /* Debug */,
				6A15392F2E71A501005BDA9D /* Release */,
			);
			defaultConfigurationIsVisible = 0;
			defaultConfigurationName = Release;
		};
		6A1539302E71A501005BDA9D /* Build configuration list for PBXNativeTarget "neobee-session-playerUITests" */ = {
			isa = XCConfigurationList;
			buildConfigurations = (
				6A1539312E71A501005BDA9D /* Debug */,
				6A1539322E71A501005BDA9D /* Release */,
			);
			defaultConfigurationIsVisible = 0;
			defaultConfigurationName = Release;
		};
/* End XCConfigurationList section */
	};
	rootObject = 6A1538FB2E71A500005BDA9D /* Project object */;
}
